// !$*UTF8*$!
{
	archiveVersion = 1;
	classes = {
	};
	objectVersion = 46;
	objects = {

/* Begin PBXBuildFile section */
		A5687F401AC6D0A9008EFD2D /* AppDelegate.swift in Sources */ = {isa = PBXBuildFile; fileRef = A5687F3F1AC6D0A9008EFD2D /* AppDelegate.swift */; };
		A5687F421AC6D0A9008EFD2D /* MusicsListViewController.swift in Sources */ = {isa = PBXBuildFile; fileRef = A5687F411AC6D0A9008EFD2D /* MusicsListViewController.swift */; };
		A5687F451AC6D0A9008EFD2D /* Main.storyboard in Resources */ = {isa = PBXBuildFile; fileRef = A5687F431AC6D0A9008EFD2D /* Main.storyboard */; };
		A5687F471AC6D0A9008EFD2D /* Images.xcassets in Resources */ = {isa = PBXBuildFile; fileRef = A5687F461AC6D0A9008EFD2D /* Images.xcassets */; };
		A5687F561AC6D0A9008EFD2D /* SoundPoolTests.swift in Sources */ = {isa = PBXBuildFile; fileRef = A5687F551AC6D0A9008EFD2D /* SoundPoolTests.swift */; };
		A5687F661AC6E91F008EFD2D /* SplashViewController.swift in Sources */ = {isa = PBXBuildFile; fileRef = A5687F651AC6E91F008EFD2D /* SplashViewController.swift */; };
		A5687F6A1AC6EB4B008EFD2D /* Music.swift in Sources */ = {isa = PBXBuildFile; fileRef = A5687F691AC6EB4B008EFD2D /* Music.swift */; };
		A5687F6E1AC6EDEF008EFD2D /* PersistencyManager.swift in Sources */ = {isa = PBXBuildFile; fileRef = A5687F6D1AC6EDEF008EFD2D /* PersistencyManager.swift */; };
		A5687F701AC6EEB1008EFD2D /* Facade.swift in Sources */ = {isa = PBXBuildFile; fileRef = A5687F6F1AC6EEB1008EFD2D /* Facade.swift */; };
		A5687F741AC6F947008EFD2D /* MusicTableViewCell.swift in Sources */ = {isa = PBXBuildFile; fileRef = A5687F731AC6F947008EFD2D /* MusicTableViewCell.swift */; };
		A5687F781AC70877008EFD2D /* Alamofire.swift in Sources */ = {isa = PBXBuildFile; fileRef = A5687F761AC70877008EFD2D /* Alamofire.swift */; };
		A5687F791AC70877008EFD2D /* SwiftyJSON.swift in Sources */ = {isa = PBXBuildFile; fileRef = A5687F771AC70877008EFD2D /* SwiftyJSON.swift */; };
		A5687F7C1AC72813008EFD2D /* NetworkManager.swift in Sources */ = {isa = PBXBuildFile; fileRef = A5687F7B1AC72813008EFD2D /* NetworkManager.swift */; };
		A5687F8B1AC789E2008EFD2D /* BFGradientCALayer.m in Sources */ = {isa = PBXBuildFile; fileRef = A5687F7F1AC789E2008EFD2D /* BFGradientCALayer.m */; };
		A5687F8C1AC789E2008EFD2D /* BFRadialWaveHUD.m in Sources */ = {isa = PBXBuildFile; fileRef = A5687F811AC789E2008EFD2D /* BFRadialWaveHUD.m */; };
		A5687F8D1AC789E2008EFD2D /* BFRadialWaveHUD.xib in Resources */ = {isa = PBXBuildFile; fileRef = A5687F821AC789E2008EFD2D /* BFRadialWaveHUD.xib */; };
		A5687F8E1AC789E2008EFD2D /* BFRadialWaveView.m in Sources */ = {isa = PBXBuildFile; fileRef = A5687F841AC789E2008EFD2D /* BFRadialWaveView.m */; };
		A5687F8F1AC789E2008EFD2D /* UIColor+BFPaperColors.m in Sources */ = {isa = PBXBuildFile; fileRef = A5687F861AC789E2008EFD2D /* UIColor+BFPaperColors.m */; };
		A5687F901AC789E2008EFD2D /* UIImage+KVNEmpty.m in Sources */ = {isa = PBXBuildFile; fileRef = A5687F881AC789E2008EFD2D /* UIImage+KVNEmpty.m */; };
		A5687F911AC789E2008EFD2D /* UIImage+KVNImageEffects.m in Sources */ = {isa = PBXBuildFile; fileRef = A5687F8A1AC789E2008EFD2D /* UIImage+KVNImageEffects.m */; };
/* End PBXBuildFile section */

/* Begin PBXContainerItemProxy section */
		A5687F501AC6D0A9008EFD2D /* PBXContainerItemProxy */ = {
			isa = PBXContainerItemProxy;
			containerPortal = A5687F321AC6D0A9008EFD2D /* Project object */;
			proxyType = 1;
			remoteGlobalIDString = A5687F391AC6D0A9008EFD2D;
			remoteInfo = SoundPool;
		};
/* End PBXContainerItemProxy section */

/* Begin PBXFileReference section */
		A5687F3A1AC6D0A9008EFD2D /* SoundPool.app */ = {isa = PBXFileReference; explicitFileType = wrapper.application; includeInIndex = 0; path = SoundPool.app; sourceTree = BUILT_PRODUCTS_DIR; };
		A5687F3E1AC6D0A9008EFD2D /* Info.plist */ = {isa = PBXFileReference; lastKnownFileType = text.plist.xml; path = Info.plist; sourceTree = "<group>"; };
		A5687F3F1AC6D0A9008EFD2D /* AppDelegate.swift */ = {isa = PBXFileReference; lastKnownFileType = sourcecode.swift; path = AppDelegate.swift; sourceTree = "<group>"; };
		A5687F411AC6D0A9008EFD2D /* MusicsListViewController.swift */ = {isa = PBXFileReference; lastKnownFileType = sourcecode.swift; path = MusicsListViewController.swift; sourceTree = "<group>"; };
		A5687F441AC6D0A9008EFD2D /* Base */ = {isa = PBXFileReference; lastKnownFileType = file.storyboard; name = Base; path = Base.lproj/Main.storyboard; sourceTree = "<group>"; };
		A5687F461AC6D0A9008EFD2D /* Images.xcassets */ = {isa = PBXFileReference; lastKnownFileType = folder.assetcatalog; path = Images.xcassets; sourceTree = "<group>"; };
		A5687F4F1AC6D0A9008EFD2D /* SoundPoolTests.xctest */ = {isa = PBXFileReference; explicitFileType = wrapper.cfbundle; includeInIndex = 0; path = SoundPoolTests.xctest; sourceTree = BUILT_PRODUCTS_DIR; };
		A5687F541AC6D0A9008EFD2D /* Info.plist */ = {isa = PBXFileReference; lastKnownFileType = text.plist.xml; path = Info.plist; sourceTree = "<group>"; };
		A5687F551AC6D0A9008EFD2D /* SoundPoolTests.swift */ = {isa = PBXFileReference; lastKnownFileType = sourcecode.swift; path = SoundPoolTests.swift; sourceTree = "<group>"; };
		A5687F651AC6E91F008EFD2D /* SplashViewController.swift */ = {isa = PBXFileReference; fileEncoding = 4; lastKnownFileType = sourcecode.swift; path = SplashViewController.swift; sourceTree = "<group>"; };
		A5687F691AC6EB4B008EFD2D /* Music.swift */ = {isa = PBXFileReference; fileEncoding = 4; lastKnownFileType = sourcecode.swift; path = Music.swift; sourceTree = "<group>"; };
		A5687F6D1AC6EDEF008EFD2D /* PersistencyManager.swift */ = {isa = PBXFileReference; fileEncoding = 4; lastKnownFileType = sourcecode.swift; path = PersistencyManager.swift; sourceTree = "<group>"; };
		A5687F6F1AC6EEB1008EFD2D /* Facade.swift */ = {isa = PBXFileReference; fileEncoding = 4; lastKnownFileType = sourcecode.swift; name = Facade.swift; path = Managers/Facade.swift; sourceTree = "<group>"; };
		A5687F731AC6F947008EFD2D /* MusicTableViewCell.swift */ = {isa = PBXFileReference; fileEncoding = 4; lastKnownFileType = sourcecode.swift; path = MusicTableViewCell.swift; sourceTree = "<group>"; };
		A5687F761AC70877008EFD2D /* Alamofire.swift */ = {isa = PBXFileReference; fileEncoding = 4; lastKnownFileType = sourcecode.swift; path = Alamofire.swift; sourceTree = "<group>"; };
		A5687F771AC70877008EFD2D /* SwiftyJSON.swift */ = {isa = PBXFileReference; fileEncoding = 4; lastKnownFileType = sourcecode.swift; path = SwiftyJSON.swift; sourceTree = "<group>"; };
		A5687F7B1AC72813008EFD2D /* NetworkManager.swift */ = {isa = PBXFileReference; fileEncoding = 4; lastKnownFileType = sourcecode.swift; name = NetworkManager.swift; path = SoundPool/Managers/NetworkManager.swift; sourceTree = SOURCE_ROOT; };
		A5687F7E1AC789E2008EFD2D /* BFGradientCALayer.h */ = {isa = PBXFileReference; fileEncoding = 4; lastKnownFileType = sourcecode.c.h; path = BFGradientCALayer.h; sourceTree = "<group>"; };
		A5687F7F1AC789E2008EFD2D /* BFGradientCALayer.m */ = {isa = PBXFileReference; fileEncoding = 4; lastKnownFileType = sourcecode.c.objc; path = BFGradientCALayer.m; sourceTree = "<group>"; };
		A5687F801AC789E2008EFD2D /* BFRadialWaveHUD.h */ = {isa = PBXFileReference; fileEncoding = 4; lastKnownFileType = sourcecode.c.h; path = BFRadialWaveHUD.h; sourceTree = "<group>"; };
		A5687F811AC789E2008EFD2D /* BFRadialWaveHUD.m */ = {isa = PBXFileReference; fileEncoding = 4; lastKnownFileType = sourcecode.c.objc; path = BFRadialWaveHUD.m; sourceTree = "<group>"; };
		A5687F821AC789E2008EFD2D /* BFRadialWaveHUD.xib */ = {isa = PBXFileReference; fileEncoding = 4; lastKnownFileType = file.xib; path = BFRadialWaveHUD.xib; sourceTree = "<group>"; };
		A5687F831AC789E2008EFD2D /* BFRadialWaveView.h */ = {isa = PBXFileReference; fileEncoding = 4; lastKnownFileType = sourcecode.c.h; path = BFRadialWaveView.h; sourceTree = "<group>"; };
		A5687F841AC789E2008EFD2D /* BFRadialWaveView.m */ = {isa = PBXFileReference; fileEncoding = 4; lastKnownFileType = sourcecode.c.objc; path = BFRadialWaveView.m; sourceTree = "<group>"; };
		A5687F851AC789E2008EFD2D /* UIColor+BFPaperColors.h */ = {isa = PBXFileReference; fileEncoding = 4; lastKnownFileType = sourcecode.c.h; path = "UIColor+BFPaperColors.h"; sourceTree = "<group>"; };
		A5687F861AC789E2008EFD2D /* UIColor+BFPaperColors.m */ = {isa = PBXFileReference; fileEncoding = 4; lastKnownFileType = sourcecode.c.objc; path = "UIColor+BFPaperColors.m"; sourceTree = "<group>"; };
		A5687F871AC789E2008EFD2D /* UIImage+KVNEmpty.h */ = {isa = PBXFileReference; fileEncoding = 4; lastKnownFileType = sourcecode.c.h; path = "UIImage+KVNEmpty.h"; sourceTree = "<group>"; };
		A5687F881AC789E2008EFD2D /* UIImage+KVNEmpty.m */ = {isa = PBXFileReference; fileEncoding = 4; lastKnownFileType = sourcecode.c.objc; path = "UIImage+KVNEmpty.m"; sourceTree = "<group>"; };
		A5687F891AC789E2008EFD2D /* UIImage+KVNImageEffects.h */ = {isa = PBXFileReference; fileEncoding = 4; lastKnownFileType = sourcecode.c.h; path = "UIImage+KVNImageEffects.h"; sourceTree = "<group>"; };
		A5687F8A1AC789E2008EFD2D /* UIImage+KVNImageEffects.m */ = {isa = PBXFileReference; fileEncoding = 4; lastKnownFileType = sourcecode.c.objc; path = "UIImage+KVNImageEffects.m"; sourceTree = "<group>"; };
		A5687F961AC78B94008EFD2D /* SoundPool-Bridging-Header.h */ = {isa = PBXFileReference; lastKnownFileType = sourcecode.c.h; path = "SoundPool-Bridging-Header.h"; sourceTree = "<group>"; };
/* End PBXFileReference section */

/* Begin PBXFrameworksBuildPhase section */
		A5687F371AC6D0A9008EFD2D /* Frameworks */ = {
			isa = PBXFrameworksBuildPhase;
			buildActionMask = 2147483647;
			files = (
			);
			runOnlyForDeploymentPostprocessing = 0;
		};
		A5687F4C1AC6D0A9008EFD2D /* Frameworks */ = {
			isa = PBXFrameworksBuildPhase;
			buildActionMask = 2147483647;
			files = (
			);
			runOnlyForDeploymentPostprocessing = 0;
		};
/* End PBXFrameworksBuildPhase section */

/* Begin PBXGroup section */
		A5687F311AC6D0A9008EFD2D = {
			isa = PBXGroup;
			children = (
				A5687F961AC78B94008EFD2D /* SoundPool-Bridging-Header.h */,
				A5687F3C1AC6D0A9008EFD2D /* SoundPool */,
				A5687F521AC6D0A9008EFD2D /* SoundPoolTests */,
				A5687F3B1AC6D0A9008EFD2D /* Products */,
			);
			sourceTree = "<group>";
		};
		A5687F3B1AC6D0A9008EFD2D /* Products */ = {
			isa = PBXGroup;
			children = (
				A5687F3A1AC6D0A9008EFD2D /* SoundPool.app */,
				A5687F4F1AC6D0A9008EFD2D /* SoundPoolTests.xctest */,
			);
			name = Products;
			sourceTree = "<group>";
		};
		A5687F3C1AC6D0A9008EFD2D /* SoundPool */ = {
			isa = PBXGroup;
			children = (
				A5687F3F1AC6D0A9008EFD2D /* AppDelegate.swift */,
				A5687F6F1AC6EEB1008EFD2D /* Facade.swift */,
				A5687F6C1AC6ED14008EFD2D /* Managers */,
				A5687F681AC6EB00008EFD2D /* Model */,
				A5687F671AC6E96B008EFD2D /* Views */,
				A5687F631AC6DDCE008EFD2D /* ViewControllers */,
				A5687F751AC70831008EFD2D /* Librairies */,
				A5687F641AC6DDF3008EFD2D /* Assets */,
				A5687F3D1AC6D0A9008EFD2D /* Supporting Files */,
			);
			path = SoundPool;
			sourceTree = "<group>";
		};
		A5687F3D1AC6D0A9008EFD2D /* Supporting Files */ = {
			isa = PBXGroup;
			children = (
				A5687F3E1AC6D0A9008EFD2D /* Info.plist */,
			);
			path = "Supporting Files";
			sourceTree = "<group>";
		};
		A5687F521AC6D0A9008EFD2D /* SoundPoolTests */ = {
			isa = PBXGroup;
			children = (
				A5687F551AC6D0A9008EFD2D /* SoundPoolTests.swift */,
				A5687F531AC6D0A9008EFD2D /* Supporting Files */,
			);
			path = SoundPoolTests;
			sourceTree = "<group>";
		};
		A5687F531AC6D0A9008EFD2D /* Supporting Files */ = {
			isa = PBXGroup;
			children = (
				A5687F541AC6D0A9008EFD2D /* Info.plist */,
			);
			path = "Supporting Files";
			sourceTree = "<group>";
		};
		A5687F631AC6DDCE008EFD2D /* ViewControllers */ = {
			isa = PBXGroup;
			children = (
				A5687F651AC6E91F008EFD2D /* SplashViewController.swift */,
				A5687F411AC6D0A9008EFD2D /* MusicsListViewController.swift */,
			);
			path = ViewControllers;
			sourceTree = "<group>";
		};
		A5687F641AC6DDF3008EFD2D /* Assets */ = {
			isa = PBXGroup;
			children = (
				A5687F461AC6D0A9008EFD2D /* Images.xcassets */,
			);
			path = Assets;
			sourceTree = "<group>";
		};
		A5687F671AC6E96B008EFD2D /* Views */ = {
			isa = PBXGroup;
			children = (
				A5687F731AC6F947008EFD2D /* MusicTableViewCell.swift */,
				A5687F431AC6D0A9008EFD2D /* Main.storyboard */,
			);
			path = Views;
			sourceTree = "<group>";
		};
		A5687F681AC6EB00008EFD2D /* Model */ = {
			isa = PBXGroup;
			children = (
				A5687F691AC6EB4B008EFD2D /* Music.swift */,
			);
			path = Model;
			sourceTree = "<group>";
		};
		A5687F6C1AC6ED14008EFD2D /* Managers */ = {
			isa = PBXGroup;
			children = (
				A5687F7B1AC72813008EFD2D /* NetworkManager.swift */,
				A5687F6D1AC6EDEF008EFD2D /* PersistencyManager.swift */,
			);
			path = Managers;
			sourceTree = "<group>";
		};
		A5687F751AC70831008EFD2D /* Librairies */ = {
			isa = PBXGroup;
			children = (
				A5687F7D1AC789E2008EFD2D /* BFRadialWaveHUD */,
				A5687F7A1AC70882008EFD2D /* Alamofire-SwiftyJSON */,
			);
			path = Librairies;
			sourceTree = "<group>";
		};
		A5687F7A1AC70882008EFD2D /* Alamofire-SwiftyJSON */ = {
			isa = PBXGroup;
			children = (
				A5687F761AC70877008EFD2D /* Alamofire.swift */,
				A5687F771AC70877008EFD2D /* SwiftyJSON.swift */,
			);
			path = "Alamofire-SwiftyJSON";
			sourceTree = "<group>";
		};
		A5687F7D1AC789E2008EFD2D /* BFRadialWaveHUD */ = {
			isa = PBXGroup;
			children = (
				A5687F7E1AC789E2008EFD2D /* BFGradientCALayer.h */,
				A5687F7F1AC789E2008EFD2D /* BFGradientCALayer.m */,
				A5687F801AC789E2008EFD2D /* BFRadialWaveHUD.h */,
				A5687F811AC789E2008EFD2D /* BFRadialWaveHUD.m */,
				A5687F821AC789E2008EFD2D /* BFRadialWaveHUD.xib */,
				A5687F831AC789E2008EFD2D /* BFRadialWaveView.h */,
				A5687F841AC789E2008EFD2D /* BFRadialWaveView.m */,
				A5687F851AC789E2008EFD2D /* UIColor+BFPaperColors.h */,
				A5687F861AC789E2008EFD2D /* UIColor+BFPaperColors.m */,
				A5687F871AC789E2008EFD2D /* UIImage+KVNEmpty.h */,
				A5687F881AC789E2008EFD2D /* UIImage+KVNEmpty.m */,
				A5687F891AC789E2008EFD2D /* UIImage+KVNImageEffects.h */,
				A5687F8A1AC789E2008EFD2D /* UIImage+KVNImageEffects.m */,
			);
			path = BFRadialWaveHUD;
			sourceTree = "<group>";
		};
/* End PBXGroup section */

/* Begin PBXNativeTarget section */
		A5687F391AC6D0A9008EFD2D /* SoundPool */ = {
			isa = PBXNativeTarget;
			buildConfigurationList = A5687F591AC6D0A9008EFD2D /* Build configuration list for PBXNativeTarget "SoundPool" */;
			buildPhases = (
				A5687F361AC6D0A9008EFD2D /* Sources */,
				A5687F371AC6D0A9008EFD2D /* Frameworks */,
				A5687F381AC6D0A9008EFD2D /* Resources */,
			);
			buildRules = (
			);
			dependencies = (
			);
			name = SoundPool;
			productName = SoundPool;
			productReference = A5687F3A1AC6D0A9008EFD2D /* SoundPool.app */;
			productType = "com.apple.product-type.application";
		};
		A5687F4E1AC6D0A9008EFD2D /* SoundPoolTests */ = {
			isa = PBXNativeTarget;
			buildConfigurationList = A5687F5C1AC6D0A9008EFD2D /* Build configuration list for PBXNativeTarget "SoundPoolTests" */;
			buildPhases = (
				A5687F4B1AC6D0A9008EFD2D /* Sources */,
				A5687F4C1AC6D0A9008EFD2D /* Frameworks */,
				A5687F4D1AC6D0A9008EFD2D /* Resources */,
			);
			buildRules = (
			);
			dependencies = (
				A5687F511AC6D0A9008EFD2D /* PBXTargetDependency */,
			);
			name = SoundPoolTests;
			productName = SoundPoolTests;
			productReference = A5687F4F1AC6D0A9008EFD2D /* SoundPoolTests.xctest */;
			productType = "com.apple.product-type.bundle.unit-test";
		};
/* End PBXNativeTarget section */

/* Begin PBXProject section */
		A5687F321AC6D0A9008EFD2D /* Project object */ = {
			isa = PBXProject;
			attributes = {
				LastUpgradeCheck = 0620;
				ORGANIZATIONNAME = "Rebouh Aymen";
				TargetAttributes = {
					A5687F391AC6D0A9008EFD2D = {
						CreatedOnToolsVersion = 6.2;
					};
					A5687F4E1AC6D0A9008EFD2D = {
						CreatedOnToolsVersion = 6.2;
						TestTargetID = A5687F391AC6D0A9008EFD2D;
					};
				};
			};
			buildConfigurationList = A5687F351AC6D0A9008EFD2D /* Build configuration list for PBXProject "SoundPool" */;
			compatibilityVersion = "Xcode 3.2";
			developmentRegion = English;
			hasScannedForEncodings = 0;
			knownRegions = (
				en,
				Base,
			);
			mainGroup = A5687F311AC6D0A9008EFD2D;
			productRefGroup = A5687F3B1AC6D0A9008EFD2D /* Products */;
			projectDirPath = "";
			projectRoot = "";
			targets = (
				A5687F391AC6D0A9008EFD2D /* SoundPool */,
				A5687F4E1AC6D0A9008EFD2D /* SoundPoolTests */,
			);
		};
/* End PBXProject section */

/* Begin PBXResourcesBuildPhase section */
		A5687F381AC6D0A9008EFD2D /* Resources */ = {
			isa = PBXResourcesBuildPhase;
			buildActionMask = 2147483647;
			files = (
				A5687F451AC6D0A9008EFD2D /* Main.storyboard in Resources */,
				A5687F8D1AC789E2008EFD2D /* BFRadialWaveHUD.xib in Resources */,
				A5687F471AC6D0A9008EFD2D /* Images.xcassets in Resources */,
			);
			runOnlyForDeploymentPostprocessing = 0;
		};
		A5687F4D1AC6D0A9008EFD2D /* Resources */ = {
			isa = PBXResourcesBuildPhase;
			buildActionMask = 2147483647;
			files = (
			);
			runOnlyForDeploymentPostprocessing = 0;
		};
/* End PBXResourcesBuildPhase section */

/* Begin PBXSourcesBuildPhase section */
		A5687F361AC6D0A9008EFD2D /* Sources */ = {
			isa = PBXSourcesBuildPhase;
			buildActionMask = 2147483647;
			files = (
				A5687F6E1AC6EDEF008EFD2D /* PersistencyManager.swift in Sources */,
				A5687F661AC6E91F008EFD2D /* SplashViewController.swift in Sources */,
				A5687F911AC789E2008EFD2D /* UIImage+KVNImageEffects.m in Sources */,
				A5687F8F1AC789E2008EFD2D /* UIColor+BFPaperColors.m in Sources */,
				A5687F7C1AC72813008EFD2D /* NetworkManager.swift in Sources */,
				A5687F781AC70877008EFD2D /* Alamofire.swift in Sources */,
				A5687F421AC6D0A9008EFD2D /* MusicsListViewController.swift in Sources */,
				A5687F8B1AC789E2008EFD2D /* BFGradientCALayer.m in Sources */,
				A5687F8E1AC789E2008EFD2D /* BFRadialWaveView.m in Sources */,
				A5687F701AC6EEB1008EFD2D /* Facade.swift in Sources */,
				A5687F741AC6F947008EFD2D /* MusicTableViewCell.swift in Sources */,
				A5687F791AC70877008EFD2D /* SwiftyJSON.swift in Sources */,
				A5687F8C1AC789E2008EFD2D /* BFRadialWaveHUD.m in Sources */,
				A5687F901AC789E2008EFD2D /* UIImage+KVNEmpty.m in Sources */,
				A5687F401AC6D0A9008EFD2D /* AppDelegate.swift in Sources */,
				A5687F6A1AC6EB4B008EFD2D /* Music.swift in Sources */,
			);
			runOnlyForDeploymentPostprocessing = 0;
		};
		A5687F4B1AC6D0A9008EFD2D /* Sources */ = {
			isa = PBXSourcesBuildPhase;
			buildActionMask = 2147483647;
			files = (
				A5687F561AC6D0A9008EFD2D /* SoundPoolTests.swift in Sources */,
			);
			runOnlyForDeploymentPostprocessing = 0;
		};
/* End PBXSourcesBuildPhase section */

/* Begin PBXTargetDependency section */
		A5687F511AC6D0A9008EFD2D /* PBXTargetDependency */ = {
			isa = PBXTargetDependency;
			target = A5687F391AC6D0A9008EFD2D /* SoundPool */;
			targetProxy = A5687F501AC6D0A9008EFD2D /* PBXContainerItemProxy */;
		};
/* End PBXTargetDependency section */

/* Begin PBXVariantGroup section */
		A5687F431AC6D0A9008EFD2D /* Main.storyboard */ = {
			isa = PBXVariantGroup;
			children = (
				A5687F441AC6D0A9008EFD2D /* Base */,
			);
			name = Main.storyboard;
			path = .;
			sourceTree = "<group>";
		};
/* End PBXVariantGroup section */

/* Begin XCBuildConfiguration section */
		A5687F571AC6D0A9008EFD2D /* Debug */ = {
			isa = XCBuildConfiguration;
			buildSettings = {
				ALWAYS_SEARCH_USER_PATHS = NO;
				CLANG_CXX_LANGUAGE_STANDARD = "gnu++0x";
				CLANG_CXX_LIBRARY = "libc++";
				CLANG_ENABLE_MODULES = YES;
				CLANG_ENABLE_OBJC_ARC = YES;
				CLANG_WARN_BOOL_CONVERSION = YES;
				CLANG_WARN_CONSTANT_CONVERSION = YES;
				CLANG_WARN_DIRECT_OBJC_ISA_USAGE = YES_ERROR;
				CLANG_WARN_EMPTY_BODY = YES;
				CLANG_WARN_ENUM_CONVERSION = YES;
				CLANG_WARN_INT_CONVERSION = YES;
				CLANG_WARN_OBJC_ROOT_CLASS = YES_ERROR;
				CLANG_WARN_UNREACHABLE_CODE = YES;
				CLANG_WARN__DUPLICATE_METHOD_MATCH = YES;
				"CODE_SIGN_IDENTITY[sdk=iphoneos*]" = "iPhone Developer";
				COPY_PHASE_STRIP = NO;
				ENABLE_STRICT_OBJC_MSGSEND = YES;
				GCC_C_LANGUAGE_STANDARD = gnu99;
				GCC_DYNAMIC_NO_PIC = NO;
				GCC_OPTIMIZATION_LEVEL = 0;
				GCC_PREPROCESSOR_DEFINITIONS = (
					"DEBUG=1",
					"$(inherited)",
				);
				GCC_SYMBOLS_PRIVATE_EXTERN = NO;
				GCC_WARN_64_TO_32_BIT_CONVERSION = YES;
				GCC_WARN_ABOUT_RETURN_TYPE = YES_ERROR;
				GCC_WARN_UNDECLARED_SELECTOR = YES;
				GCC_WARN_UNINITIALIZED_AUTOS = YES_AGGRESSIVE;
				GCC_WARN_UNUSED_FUNCTION = YES;
				GCC_WARN_UNUSED_VARIABLE = YES;
				IPHONEOS_DEPLOYMENT_TARGET = 8.2;
				MTL_ENABLE_DEBUG_INFO = YES;
				ONLY_ACTIVE_ARCH = YES;
				SDKROOT = iphoneos;
				SWIFT_OPTIMIZATION_LEVEL = "-Onone";
			};
			name = Debug;
		};
		A5687F581AC6D0A9008EFD2D /* Release */ = {
			isa = XCBuildConfiguration;
			buildSettings = {
				ALWAYS_SEARCH_USER_PATHS = NO;
				CLANG_CXX_LANGUAGE_STANDARD = "gnu++0x";
				CLANG_CXX_LIBRARY = "libc++";
				CLANG_ENABLE_MODULES = YES;
				CLANG_ENABLE_OBJC_ARC = YES;
				CLANG_WARN_BOOL_CONVERSION = YES;
				CLANG_WARN_CONSTANT_CONVERSION = YES;
				CLANG_WARN_DIRECT_OBJC_ISA_USAGE = YES_ERROR;
				CLANG_WARN_EMPTY_BODY = YES;
				CLANG_WARN_ENUM_CONVERSION = YES;
				CLANG_WARN_INT_CONVERSION = YES;
				CLANG_WARN_OBJC_ROOT_CLASS = YES_ERROR;
				CLANG_WARN_UNREACHABLE_CODE = YES;
				CLANG_WARN__DUPLICATE_METHOD_MATCH = YES;
				"CODE_SIGN_IDENTITY[sdk=iphoneos*]" = "iPhone Developer";
				COPY_PHASE_STRIP = NO;
				ENABLE_NS_ASSERTIONS = NO;
				ENABLE_STRICT_OBJC_MSGSEND = YES;
				GCC_C_LANGUAGE_STANDARD = gnu99;
				GCC_WARN_64_TO_32_BIT_CONVERSION = YES;
				GCC_WARN_ABOUT_RETURN_TYPE = YES_ERROR;
				GCC_WARN_UNDECLARED_SELECTOR = YES;
				GCC_WARN_UNINITIALIZED_AUTOS = YES_AGGRESSIVE;
				GCC_WARN_UNUSED_FUNCTION = YES;
				GCC_WARN_UNUSED_VARIABLE = YES;
				IPHONEOS_DEPLOYMENT_TARGET = 8.2;
				MTL_ENABLE_DEBUG_INFO = NO;
				SDKROOT = iphoneos;
				VALIDATE_PRODUCT = YES;
			};
			name = Release;
		};
		A5687F5A1AC6D0A9008EFD2D /* Debug */ = {
			isa = XCBuildConfiguration;
			buildSettings = {
				ASSETCATALOG_COMPILER_APPICON_NAME = AppIcon;
				INFOPLIST_FILE = "SoundPool/Supporting Files/Info.plist";
				LD_RUNPATH_SEARCH_PATHS = "$(inherited) @executable_path/Frameworks";
				PRODUCT_NAME = "$(TARGET_NAME)";
				SWIFT_OBJC_BRIDGING_HEADER = "SoundPool-Bridging-Header.h";
			};
			name = Debug;
		};
		A5687F5B1AC6D0A9008EFD2D /* Release */ = {
			isa = XCBuildConfiguration;
			buildSettings = {
				ASSETCATALOG_COMPILER_APPICON_NAME = AppIcon;
				INFOPLIST_FILE = "SoundPool/Supporting Files/Info.plist";
				LD_RUNPATH_SEARCH_PATHS = "$(inherited) @executable_path/Frameworks";
				PRODUCT_NAME = "$(TARGET_NAME)";
				SWIFT_OBJC_BRIDGING_HEADER = "SoundPool-Bridging-Header.h";
			};
			name = Release;
		};
		A5687F5D1AC6D0A9008EFD2D /* Debug */ = {
			isa = XCBuildConfiguration;
			buildSettings = {
				BUNDLE_LOADER = "$(TEST_HOST)";
				FRAMEWORK_SEARCH_PATHS = (
					"$(SDKROOT)/Developer/Library/Frameworks",
					"$(inherited)",
				);
				GCC_PREPROCESSOR_DEFINITIONS = (
					"DEBUG=1",
					"$(inherited)",
				);
				INFOPLIST_FILE = "SoundPoolTests/Supporting Files/Info.plist";
				LD_RUNPATH_SEARCH_PATHS = "$(inherited) @executable_path/Frameworks @loader_path/Frameworks";
				PRODUCT_NAME = "$(TARGET_NAME)";
				TEST_HOST = "$(BUILT_PRODUCTS_DIR)/SoundPool.app/SoundPool";
			};
			name = Debug;
		};
		A5687F5E1AC6D0A9008EFD2D /* Release */ = {
			isa = XCBuildConfiguration;
			buildSettings = {
				BUNDLE_LOADER = "$(TEST_HOST)";
				FRAMEWORK_SEARCH_PATHS = (
					"$(SDKROOT)/Developer/Library/Frameworks",
					"$(inherited)",
				);
				INFOPLIST_FILE = "SoundPoolTests/Supporting Files/Info.plist";
				LD_RUNPATH_SEARCH_PATHS = "$(inherited) @executable_path/Frameworks @loader_path/Frameworks";
				PRODUCT_NAME = "$(TARGET_NAME)";
				TEST_HOST = "$(BUILT_PRODUCTS_DIR)/SoundPool.app/SoundPool";
			};
			name = Release;
		};
/* End XCBuildConfiguration section */

/* Begin XCConfigurationList section */
		A5687F351AC6D0A9008EFD2D /* Build configuration list for PBXProject "SoundPool" */ = {
			isa = XCConfigurationList;
			buildConfigurations = (
				A5687F571AC6D0A9008EFD2D /* Debug */,
				A5687F581AC6D0A9008EFD2D /* Release */,
			);
			defaultConfigurationIsVisible = 0;
			defaultConfigurationName = Release;
		};
		A5687F591AC6D0A9008EFD2D /* Build configuration list for PBXNativeTarget "SoundPool" */ = {
			isa = XCConfigurationList;
			buildConfigurations = (
				A5687F5A1AC6D0A9008EFD2D /* Debug */,
				A5687F5B1AC6D0A9008EFD2D /* Release */,
			);
			defaultConfigurationIsVisible = 0;
			defaultConfigurationName = Release;
		};
		A5687F5C1AC6D0A9008EFD2D /* Build configuration list for PBXNativeTarget "SoundPoolTests" */ = {
			isa = XCConfigurationList;
			buildConfigurations = (
				A5687F5D1AC6D0A9008EFD2D /* Debug */,
				A5687F5E1AC6D0A9008EFD2D /* Release */,
			);
			defaultConfigurationIsVisible = 0;
			defaultConfigurationName = Release;
		};
/* End XCConfigurationList section */
	};
	rootObject = A5687F321AC6D0A9008EFD2D /* Project object */;
}
